Microsoft Visual Studio Solution File, Format Version 8.00
Project("{8BC9CEB8-8B4A-11D0-8D11-00A0C91BC942}") = "profiler-2003", "profiler-2003.vcproj", "{B95F8AB3-FBE2-4615-8D3B-EB13A1C97594}"
	ProjectSection(ProjectDependencies) = postProject
	EndProjectSection
EndProject
Global
	GlobalSection(SolutionConfiguration) = preSolution
		Debug = Debug
		Release = Release
	EndGlobalSection
	GlobalSection(ProjectDependencies) = postSolution
	EndGlobalSection
	GlobalSection(ProjectConfiguration) = postSolution
		{B95F8AB3-FBE2-4615-8D3B-EB13A1C97594}.Debug.ActiveCfg = Debug|Win32
		{B95F8AB3-FBE2-4615-8D3B-EB13A1C97594}.Debug.Build.0 = Debug|Win32
		{B95F8AB3-FBE2-4615-8D3B-EB13A1C97594}.Release.ActiveCfg = Release|Win32
		{B95F8AB3-FBE2-4615-8D3B-EB13A1C97594}.Release.Build.0 = Release|Win32
	EndGlobalSection
	GlobalSection(ExtensibilityGlobals) = postSolution
	EndGlobalSection
	GlobalSection(ExtensibilityAddIns) = postSolution
	EndGlobalSection
EndGlobal
